
Microsoft Visual Studio Solution File, Format Version 12.00
# Visual Studio Version 16
VisualStudioVersion = 16.0.32002.261
MinimumVisualStudioVersion = 10.0.40219.1
Project("{FAE04EC0-301F-11D3-BF4B-00C04F79EFBC}") = "Babaj", "Libs\Babaj\Babaj.csproj", "{9CA1CC10-A46E-485E-8567-AB6231B1A637}"
EndProject
Project("{2150E333-8FDC-42A3-9474-1A3956D46DE8}") = "Libs", "Libs", "{475E9125-599F-475D-9638-F53EA5AD8DB0}"
EndProject
Global
	GlobalSection(SolutionConfigurationPlatforms) = preSolution
		Debug|Any CPU = Debug|Any CPU
		Release|Any CPU = Release|Any CPU
	EndGlobalSection
	GlobalSection(ProjectConfigurationPlatforms) = postSolution
		{9CA1CC10-A46E-485E-8567-AB6231B1A637}.Debug|Any CPU.ActiveCfg = Debug|Any CPU
		{9CA1CC10-A46E-485E-8567-AB6231B1A637}.Debug|Any CPU.Build.0 = Debug|Any CPU
		{9CA1CC10-A46E-485E-8567-AB6231B1A637}.Release|Any CPU.ActiveCfg = Release|Any CPU
		{9CA1CC10-A46E-485E-8567-AB6231B1A637}.Release|Any CPU.Build.0 = Release|Any CPU
	EndGlobalSection
	GlobalSection(SolutionProperties) = preSolution
		HideSolutionNode = FALSE
	EndGlobalSection
	GlobalSection(NestedProjects) = preSolution
		{9CA1CC10-A46E-485E-8567-AB6231B1A637} = {475E9125-599F-475D-9638-F53EA5AD8DB0}
	EndGlobalSection
	GlobalSection(ExtensibilityGlobals) = postSolution
		SolutionGuid = {1201FD02-085A-4467-8104-0539D5B4AFE7}
	EndGlobalSection
EndGlobal
